{
  "projects": [
    {
      "projectId": "seaQhLVS4bbjiGvJJrRwyL",
      "version": "15.0.3",
      "dependencies": {},
      "lang": "js",
      "fileLocks": [
        {
          "assetId": "seaQhLVS4bbjiGvJJrRwyL",
          "type": "projectCss",
          "checksum": "96d0c5256c70ddefc2366d3580ce9213"
        }
      ],
      "codegenVersion": "0.0.1"
    },
    {
      "projectId": "mUZTRCafzuXCMkQd4p6N39",
      "version": "latest",
      "dependencies": {
        "seaQhLVS4bbjiGvJJrRwyL": "15.0.3"
      },
      "lang": "js",
      "fileLocks": [
        {
          "type": "globalVariant",
          "assetId": "-zXDNzDpn-t7x8",
          "checksum": "dd08b05c4fd40c59a40bf609af112de2"
        },
        {
          "assetId": "mUZTRCafzuXCMkQd4p6N39",
          "type": "projectCss",
          "checksum": "e6a83cf4992d1c975bf07bb85a64db26"
        },
        {
          "type": "renderModule",
          "assetId": "9S1v5sn9KaxcP",
          "checksum": "6fc9a75e47ffee9dd002a680cbbc4935"
        },
        {
          "type": "cssRules",
          "assetId": "9S1v5sn9KaxcP",
          "checksum": "6fc9a75e47ffee9dd002a680cbbc4935"
        },
        {
          "type": "renderModule",
          "assetId": "1680pfeKj5lPw",
          "checksum": "29f370c25d6c903dea4f5a39e09b3d6a"
        },
        {
          "type": "cssRules",
          "assetId": "1680pfeKj5lPw",
          "checksum": "29f370c25d6c903dea4f5a39e09b3d6a"
        },
        {
          "type": "renderModule",
          "assetId": "zEWlzJ0Rhpb1D",
          "checksum": "28617500a9d3243583f70972cc3f7857"
        },
        {
          "type": "cssRules",
          "assetId": "zEWlzJ0Rhpb1D",
          "checksum": "28617500a9d3243583f70972cc3f7857"
        },
        {
          "type": "renderModule",
          "assetId": "kFrA-f5VBPDSC",
          "checksum": "2e8bf11b1388ba3108e3f7f89bbd04af"
        },
        {
          "type": "cssRules",
          "assetId": "kFrA-f5VBPDSC",
          "checksum": "2e8bf11b1388ba3108e3f7f89bbd04af"
        },
        {
          "type": "renderModule",
          "assetId": "dwH0g104UcEek",
          "checksum": "a2e239c1976d5063c15376f386a35255"
        },
        {
          "type": "cssRules",
          "assetId": "dwH0g104UcEek",
          "checksum": "a2e239c1976d5063c15376f386a35255"
        },
        {
          "type": "renderModule",
          "assetId": "r3PzNYnG7xbTj",
          "checksum": "ce473b80e795bddaa73d6bd938c082c0"
        },
        {
          "type": "cssRules",
          "assetId": "r3PzNYnG7xbTj",
          "checksum": "ce473b80e795bddaa73d6bd938c082c0"
        },
        {
          "type": "renderModule",
          "assetId": "tVB8syNPl6NIhB",
          "checksum": "43cdf0e5ec44fc31dc4b8b7a7bc9ddca"
        },
        {
          "type": "cssRules",
          "assetId": "tVB8syNPl6NIhB",
          "checksum": "43cdf0e5ec44fc31dc4b8b7a7bc9ddca"
        },
        {
          "type": "renderModule",
          "assetId": "3Z426EpU7DCHwx",
          "checksum": "b6e2ce2c861bd5ef5cdb62b0baa0f2b4"
        },
        {
          "type": "cssRules",
          "assetId": "3Z426EpU7DCHwx",
          "checksum": "b6e2ce2c861bd5ef5cdb62b0baa0f2b4"
        },
        {
          "type": "renderModule",
          "assetId": "FPhFHWaVP0_lbx",
          "checksum": "f0a96ff93ca1bea2f2aecd021620f576"
        },
        {
          "type": "cssRules",
          "assetId": "FPhFHWaVP0_lbx",
          "checksum": "f0a96ff93ca1bea2f2aecd021620f576"
        },
        {
          "type": "renderModule",
          "assetId": "qULBi6g-dGjN7c",
          "checksum": "ada5f9c7f8093cc445c1e6584cf11f61"
        },
        {
          "type": "cssRules",
          "assetId": "qULBi6g-dGjN7c",
          "checksum": "ada5f9c7f8093cc445c1e6584cf11f61"
        },
        {
          "type": "renderModule",
          "assetId": "X5-dui80mOS7LR",
          "checksum": "066fdbdbd2f51ff9d0b9d3134b1b6463"
        },
        {
          "type": "cssRules",
          "assetId": "X5-dui80mOS7LR",
          "checksum": "066fdbdbd2f51ff9d0b9d3134b1b6463"
        },
        {
          "type": "renderModule",
          "assetId": "IRpagpYveM9was",
          "checksum": "9c0f05ed87f86e48e284488b53da9d12"
        },
        {
          "type": "cssRules",
          "assetId": "IRpagpYveM9was",
          "checksum": "9c0f05ed87f86e48e284488b53da9d12"
        },
        {
          "type": "renderModule",
          "assetId": "UckwIHawiT53G5",
          "checksum": "2b06917bf2d0d47c108eb1021782c6e8"
        },
        {
          "type": "cssRules",
          "assetId": "UckwIHawiT53G5",
          "checksum": "2b06917bf2d0d47c108eb1021782c6e8"
        },
        {
          "type": "renderModule",
          "assetId": "FcknpOhbSDEQpC",
          "checksum": "3bf1032d51fe259ef570c1232197a716"
        },
        {
          "type": "cssRules",
          "assetId": "FcknpOhbSDEQpC",
          "checksum": "3bf1032d51fe259ef570c1232197a716"
        },
        {
          "type": "renderModule",
          "assetId": "qZJTMKJQ0mXNQW",
          "checksum": "8959edd272334755e15779fd2900da6e"
        },
        {
          "type": "cssRules",
          "assetId": "qZJTMKJQ0mXNQW",
          "checksum": "8959edd272334755e15779fd2900da6e"
        },
        {
          "type": "renderModule",
          "assetId": "uW_zWjVyNyhNFS",
          "checksum": "2c1ee4ed71e12035b5164e36a4a42c2d"
        },
        {
          "type": "cssRules",
          "assetId": "uW_zWjVyNyhNFS",
          "checksum": "2c1ee4ed71e12035b5164e36a4a42c2d"
        },
        {
          "type": "renderModule",
          "assetId": "b3qlW9uwOgyh2F",
          "checksum": "79cddaf859ccf5c2d09c83ed85945102"
        },
        {
          "type": "cssRules",
          "assetId": "b3qlW9uwOgyh2F",
          "checksum": "79cddaf859ccf5c2d09c83ed85945102"
        },
        {
          "type": "icon",
          "assetId": "I5EdjDJ1qu9_iU",
          "checksum": "1d2935d4097cdb51522f20f217442140"
        },
        {
          "type": "icon",
          "assetId": "JttkH3kTV6sORC",
          "checksum": "da939ccb40b7500f7f21697deb703481"
        },
        {
          "type": "icon",
          "assetId": "FcxZM-ac5DLC2i",
          "checksum": "c1c61593b2811fa33056f119f8785bf3"
        },
        {
          "type": "icon",
          "assetId": "1H1zbPajzzthzn",
          "checksum": "355143c4e84ebc8cd7d21c5af9032df3"
        },
        {
          "type": "icon",
          "assetId": "Rp-WSk0527CW_n",
          "checksum": "157b2fb7736afe2edb680976b4907734"
        },
        {
          "type": "icon",
          "assetId": "639mrxdJHG7SOD",
          "checksum": "eb15aa8cd086e44ff94d79a6a52b9ffb"
        },
        {
          "type": "icon",
          "assetId": "d297moTBhOxi_k",
          "checksum": "d7dccdce27de1f5add1e9abec7aafe74"
        },
        {
          "type": "icon",
          "assetId": "o9BSS5Fx_dWXnW",
          "checksum": "a5dd0277cbe4ec2ef83706e91e678def"
        },
        {
          "type": "icon",
          "assetId": "SSRzVtsfKUjnJh",
          "checksum": "dbf9738161a0e0135fca98f1846f9810"
        },
        {
          "type": "icon",
          "assetId": "4Cnyfzpph5Iarj",
          "checksum": "921ef4bdd619d4cce5d27b949cbc9b45"
        },
        {
          "type": "icon",
          "assetId": "WxU05MszIK2Hu1",
          "checksum": "5d7478ff56f9c7c29fa961c4d808140d"
        },
        {
          "type": "icon",
          "assetId": "rUu24EoS8tB2cu",
          "checksum": "2782e06ab73840cb21837db0034b8451"
        },
        {
          "type": "icon",
          "assetId": "7k477F-oy_VzZ5",
          "checksum": "f938efbb0552bb919844aeef2e5af086"
        },
        {
          "type": "icon",
          "assetId": "eqTsRC0_hVddEr",
          "checksum": "81b97b54722b263f62f07621ca328df3"
        },
        {
          "type": "icon",
          "assetId": "p4F-z1E_ikPWD0",
          "checksum": "6d6156df9ee58f56ac0a33cd72eb3c17"
        },
        {
          "type": "icon",
          "assetId": "H9B_UtwwDkUHZK",
          "checksum": "d67c36fec4afc65405527b18e89ae3d7"
        },
        {
          "type": "icon",
          "assetId": "auktfcNCsq3kBj",
          "checksum": "6e93c1b7218f00ff58ed5bc138e805a6"
        },
        {
          "type": "icon",
          "assetId": "09DqsWo4gOA-DV",
          "checksum": "fa1d9f8451aad7634e5df6089712a7f6"
        },
        {
          "type": "icon",
          "assetId": "Yt9NmqPHO4t5BJ",
          "checksum": "32555e74c5698a14f33e258448f7e55a"
        },
        {
          "type": "icon",
          "assetId": "gCV4gasttcS1zo",
          "checksum": "497c7bc66fa9f96f105cc7623c589f76"
        },
        {
          "type": "icon",
          "assetId": "moBk4aZ92CkvuU",
          "checksum": "f7c15a3dbd3bb638dbfd4956932bfe8a"
        },
        {
          "type": "icon",
          "assetId": "XdX73wBB1c6iNP",
          "checksum": "5c81e6818728e5dc1f9cf7dffd114413"
        },
        {
          "type": "image",
          "assetId": "EBKApSqnzd2kpd",
          "checksum": "52ada2f4b8979c33754feeae5a79b0ed"
        },
        {
          "type": "image",
          "assetId": "JkAwbvuHQJPfnw",
          "checksum": "956335bba7830c022899b127a0cb4935"
        },
        {
          "type": "image",
          "assetId": "eYjq0iDUUgG4ta",
          "checksum": "56fef8e4fc118c01cde77b4f74c94296"
        },
        {
          "type": "image",
          "assetId": "ShIOZgHratGJLl",
          "checksum": "a1a641034e03016b8fb833cc133c91d5"
        }
      ],
      "codegenVersion": "0.0.1"
    }
  ],
  "cliVersion": "0.1.176"
}
